{
  "object": {
    "pins": [
      {
        "package": "DSFActionBar",
        "repositoryURL": "https://github.com/dagronf/DSFActionBar",
        "state": {
          "branch": null,
          "revision": "5ae7cc6c91691787ac62ba15886484cbbafe9426",
          "version": "1.0.0"
        }
      }
    ]
  },
  "version": 1
}
