// !$*UTF8*$!
{
	archiveVersion = 1;
	classes = {
	};
	objectVersion = 52;
	objects = {

/* Begin PBXBuildFile section */
		2325287725A6A4CB00816037 /* AppDelegate.swift in Sources */ = {isa = PBXBuildFile; fileRef = 2325287625A6A4CB00816037 /* AppDelegate.swift */; };
		2325287925A6A4CB00816037 /* ViewController.swift in Sources */ = {isa = PBXBuildFile; fileRef = 2325287825A6A4CB00816037 /* ViewController.swift */; };
		2325287B25A6A4CC00816037 /* Assets.xcassets in Resources */ = {isa = PBXBuildFile; fileRef = 2325287A25A6A4CC00816037 /* Assets.xcassets */; };
		2325287E25A6A4CC00816037 /* Main.storyboard in Resources */ = {isa = PBXBuildFile; fileRef = 2325287C25A6A4CC00816037 /* Main.storyboard */; };
		2325288B25A6A4E900816037 /* DSFActionBar in Frameworks */ = {isa = PBXBuildFile; productRef = 2325288A25A6A4E900816037 /* DSFActionBar */; };
		232681CD25A7BDFD002E2A1C /* AppDelegate.swift in Sources */ = {isa = PBXBuildFile; fileRef = 232681CC25A7BDFD002E2A1C /* AppDelegate.swift */; };
		232681CF25A7BDFD002E2A1C /* ViewController.swift in Sources */ = {isa = PBXBuildFile; fileRef = 232681CE25A7BDFD002E2A1C /* ViewController.swift */; };
		232681D125A7BDFE002E2A1C /* Assets.xcassets in Resources */ = {isa = PBXBuildFile; fileRef = 232681D025A7BDFE002E2A1C /* Assets.xcassets */; };
		232681D425A7BDFE002E2A1C /* Main.storyboard in Resources */ = {isa = PBXBuildFile; fileRef = 232681D225A7BDFE002E2A1C /* Main.storyboard */; };
		232681DD25A7BE20002E2A1C /* DSFActionBar in Frameworks */ = {isa = PBXBuildFile; productRef = 232681DC25A7BE20002E2A1C /* DSFActionBar */; };
		23F1282625A834CC0003CABE /* SafariStyleActionBarWindowController.swift in Sources */ = {isa = PBXBuildFile; fileRef = 23F1282425A834CC0003CABE /* SafariStyleActionBarWindowController.swift */; };
		23F1282725A834CC0003CABE /* SafariStyleActionBarWindowController.xib in Resources */ = {isa = PBXBuildFile; fileRef = 23F1282525A834CC0003CABE /* SafariStyleActionBarWindowController.xib */; };
/* End PBXBuildFile section */

/* Begin PBXFileReference section */
		2325287325A6A4CB00816037 /* DSFActionBar Demo.app */ = {isa = PBXFileReference; explicitFileType = wrapper.application; includeInIndex = 0; path = "DSFActionBar Demo.app"; sourceTree = BUILT_PRODUCTS_DIR; };
		2325287625A6A4CB00816037 /* AppDelegate.swift */ = {isa = PBXFileReference; lastKnownFileType = sourcecode.swift; path = AppDelegate.swift; sourceTree = "<group>"; };
		2325287825A6A4CB00816037 /* ViewController.swift */ = {isa = PBXFileReference; lastKnownFileType = sourcecode.swift; path = ViewController.swift; sourceTree = "<group>"; };
		2325287A25A6A4CC00816037 /* Assets.xcassets */ = {isa = PBXFileReference; lastKnownFileType = folder.assetcatalog; path = Assets.xcassets; sourceTree = "<group>"; };
		2325287D25A6A4CC00816037 /* Base */ = {isa = PBXFileReference; lastKnownFileType = file.storyboard; name = Base; path = Base.lproj/Main.storyboard; sourceTree = "<group>"; };
		2325287F25A6A4CC00816037 /* Info.plist */ = {isa = PBXFileReference; lastKnownFileType = text.plist.xml; path = Info.plist; sourceTree = "<group>"; };
		2325288025A6A4CC00816037 /* DSFActionBar_Demo.entitlements */ = {isa = PBXFileReference; lastKnownFileType = text.plist.entitlements; path = DSFActionBar_Demo.entitlements; sourceTree = "<group>"; };
		2325288725A6A4D500816037 /* DSFActionBar */ = {isa = PBXFileReference; lastKnownFileType = folder; name = DSFActionBar; path = ../..; sourceTree = "<group>"; };
		232681CA25A7BDFD002E2A1C /* Simple Demo.app */ = {isa = PBXFileReference; explicitFileType = wrapper.application; includeInIndex = 0; path = "Simple Demo.app"; sourceTree = BUILT_PRODUCTS_DIR; };
		232681CC25A7BDFD002E2A1C /* AppDelegate.swift */ = {isa = PBXFileReference; lastKnownFileType = sourcecode.swift; path = AppDelegate.swift; sourceTree = "<group>"; };
		232681CE25A7BDFD002E2A1C /* ViewController.swift */ = {isa = PBXFileReference; lastKnownFileType = sourcecode.swift; path = ViewController.swift; sourceTree = "<group>"; };
		232681D025A7BDFE002E2A1C /* Assets.xcassets */ = {isa = PBXFileReference; lastKnownFileType = folder.assetcatalog; path = Assets.xcassets; sourceTree = "<group>"; };
		232681D325A7BDFE002E2A1C /* Base */ = {isa = PBXFileReference; lastKnownFileType = file.storyboard; name = Base; path = Base.lproj/Main.storyboard; sourceTree = "<group>"; };
		232681D525A7BDFE002E2A1C /* Info.plist */ = {isa = PBXFileReference; lastKnownFileType = text.plist.xml; path = Info.plist; sourceTree = "<group>"; };
		232681D625A7BDFE002E2A1C /* Simple_Demo.entitlements */ = {isa = PBXFileReference; lastKnownFileType = text.plist.entitlements; path = Simple_Demo.entitlements; sourceTree = "<group>"; };
		23F1282425A834CC0003CABE /* SafariStyleActionBarWindowController.swift */ = {isa = PBXFileReference; lastKnownFileType = sourcecode.swift; path = SafariStyleActionBarWindowController.swift; sourceTree = "<group>"; };
		23F1282525A834CC0003CABE /* SafariStyleActionBarWindowController.xib */ = {isa = PBXFileReference; lastKnownFileType = file.xib; path = SafariStyleActionBarWindowController.xib; sourceTree = "<group>"; };
/* End PBXFileReference section */

/* Begin PBXFrameworksBuildPhase section */
		2325287025A6A4CB00816037 /* Frameworks */ = {
			isa = PBXFrameworksBuildPhase;
			buildActionMask = 2147483647;
			files = (
				2325288B25A6A4E900816037 /* DSFActionBar in Frameworks */,
			);
			runOnlyForDeploymentPostprocessing = 0;
		};
		232681C725A7BDFD002E2A1C /* Frameworks */ = {
			isa = PBXFrameworksBuildPhase;
			buildActionMask = 2147483647;
			files = (
				232681DD25A7BE20002E2A1C /* DSFActionBar in Frameworks */,
			);
			runOnlyForDeploymentPostprocessing = 0;
		};
/* End PBXFrameworksBuildPhase section */

/* Begin PBXGroup section */
		2325286A25A6A4CB00816037 = {
			isa = PBXGroup;
			children = (
				2325288725A6A4D500816037 /* DSFActionBar */,
				2325287525A6A4CB00816037 /* DSFActionBar Demo */,
				232681CB25A7BDFD002E2A1C /* Simple Demo */,
				2325287425A6A4CB00816037 /* Products */,
				2325288925A6A4E900816037 /* Frameworks */,
			);
			sourceTree = "<group>";
		};
		2325287425A6A4CB00816037 /* Products */ = {
			isa = PBXGroup;
			children = (
				2325287325A6A4CB00816037 /* DSFActionBar Demo.app */,
				232681CA25A7BDFD002E2A1C /* Simple Demo.app */,
			);
			name = Products;
			sourceTree = "<group>";
		};
		2325287525A6A4CB00816037 /* DSFActionBar Demo */ = {
			isa = PBXGroup;
			children = (
				2325287625A6A4CB00816037 /* AppDelegate.swift */,
				2325287825A6A4CB00816037 /* ViewController.swift */,
				2325287A25A6A4CC00816037 /* Assets.xcassets */,
				2325287C25A6A4CC00816037 /* Main.storyboard */,
				2325287F25A6A4CC00816037 /* Info.plist */,
				2325288025A6A4CC00816037 /* DSFActionBar_Demo.entitlements */,
			);
			path = "DSFActionBar Demo";
			sourceTree = "<group>";
		};
		2325288925A6A4E900816037 /* Frameworks */ = {
			isa = PBXGroup;
			children = (
			);
			name = Frameworks;
			sourceTree = "<group>";
		};
		232681CB25A7BDFD002E2A1C /* Simple Demo */ = {
			isa = PBXGroup;
			children = (
				232681CC25A7BDFD002E2A1C /* AppDelegate.swift */,
				232681CE25A7BDFD002E2A1C /* ViewController.swift */,
				232681D025A7BDFE002E2A1C /* Assets.xcassets */,
				232681D225A7BDFE002E2A1C /* Main.storyboard */,
				232681D525A7BDFE002E2A1C /* Info.plist */,
				232681D625A7BDFE002E2A1C /* Simple_Demo.entitlements */,
				23F1282425A834CC0003CABE /* SafariStyleActionBarWindowController.swift */,
				23F1282525A834CC0003CABE /* SafariStyleActionBarWindowController.xib */,
			);
			path = "Simple Demo";
			sourceTree = "<group>";
		};
/* End PBXGroup section */

/* Begin PBXNativeTarget section */
		2325287225A6A4CB00816037 /* DSFActionBar Demo */ = {
			isa = PBXNativeTarget;
			buildConfigurationList = 2325288325A6A4CC00816037 /* Build configuration list for PBXNativeTarget "DSFActionBar Demo" */;
			buildPhases = (
				2325286F25A6A4CB00816037 /* Sources */,
				2325287025A6A4CB00816037 /* Frameworks */,
				2325287125A6A4CB00816037 /* Resources */,
			);
			buildRules = (
			);
			dependencies = (
			);
			name = "DSFActionBar Demo";
			packageProductDependencies = (
				2325288A25A6A4E900816037 /* DSFActionBar */,
			);
			productName = "DSFActionBar Demo";
			productReference = 2325287325A6A4CB00816037 /* DSFActionBar Demo.app */;
			productType = "com.apple.product-type.application";
		};
		232681C925A7BDFD002E2A1C /* Simple Demo */ = {
			isa = PBXNativeTarget;
			buildConfigurationList = 232681D925A7BDFE002E2A1C /* Build configuration list for PBXNativeTarget "Simple Demo" */;
			buildPhases = (
				232681C625A7BDFD002E2A1C /* Sources */,
				232681C725A7BDFD002E2A1C /* Frameworks */,
				232681C825A7BDFD002E2A1C /* Resources */,
			);
			buildRules = (
			);
			dependencies = (
			);
			name = "Simple Demo";
			packageProductDependencies = (
				232681DC25A7BE20002E2A1C /* DSFActionBar */,
			);
			productName = "Simple Demo";
			productReference = 232681CA25A7BDFD002E2A1C /* Simple Demo.app */;
			productType = "com.apple.product-type.application";
		};
/* End PBXNativeTarget section */

/* Begin PBXProject section */
		2325286B25A6A4CB00816037 /* Project object */ = {
			isa = PBXProject;
			attributes = {
				LastSwiftUpdateCheck = 1230;
				LastUpgradeCheck = 1230;
				TargetAttributes = {
					2325287225A6A4CB00816037 = {
						CreatedOnToolsVersion = 12.3;
					};
					232681C925A7BDFD002E2A1C = {
						CreatedOnToolsVersion = 12.3;
					};
				};
			};
			buildConfigurationList = 2325286E25A6A4CB00816037 /* Build configuration list for PBXProject "DSFActionBar Demo" */;
			compatibilityVersion = "Xcode 9.3";
			developmentRegion = en;
			hasScannedForEncodings = 0;
			knownRegions = (
				en,
				Base,
			);
			mainGroup = 2325286A25A6A4CB00816037;
			productRefGroup = 2325287425A6A4CB00816037 /* Products */;
			projectDirPath = "";
			projectRoot = "";
			targets = (
				2325287225A6A4CB00816037 /* DSFActionBar Demo */,
				232681C925A7BDFD002E2A1C /* Simple Demo */,
			);
		};
/* End PBXProject section */

/* Begin PBXResourcesBuildPhase section */
		2325287125A6A4CB00816037 /* Resources */ = {
			isa = PBXResourcesBuildPhase;
			buildActionMask = 2147483647;
			files = (
				2325287B25A6A4CC00816037 /* Assets.xcassets in Resources */,
				2325287E25A6A4CC00816037 /* Main.storyboard in Resources */,
			);
			runOnlyForDeploymentPostprocessing = 0;
		};
		232681C825A7BDFD002E2A1C /* Resources */ = {
			isa = PBXResourcesBuildPhase;
			buildActionMask = 2147483647;
			files = (
				232681D125A7BDFE002E2A1C /* Assets.xcassets in Resources */,
				23F1282725A834CC0003CABE /* SafariStyleActionBarWindowController.xib in Resources */,
				232681D425A7BDFE002E2A1C /* Main.storyboard in Resources */,
			);
			runOnlyForDeploymentPostprocessing = 0;
		};
/* End PBXResourcesBuildPhase section */

/* Begin PBXSourcesBuildPhase section */
		2325286F25A6A4CB00816037 /* Sources */ = {
			isa = PBXSourcesBuildPhase;
			buildActionMask = 2147483647;
			files = (
				2325287925A6A4CB00816037 /* ViewController.swift in Sources */,
				2325287725A6A4CB00816037 /* AppDelegate.swift in Sources */,
			);
			runOnlyForDeploymentPostprocessing = 0;
		};
		232681C625A7BDFD002E2A1C /* Sources */ = {
			isa = PBXSourcesBuildPhase;
			buildActionMask = 2147483647;
			files = (
				23F1282625A834CC0003CABE /* SafariStyleActionBarWindowController.swift in Sources */,
				232681CF25A7BDFD002E2A1C /* ViewController.swift in Sources */,
				232681CD25A7BDFD002E2A1C /* AppDelegate.swift in Sources */,
			);
			runOnlyForDeploymentPostprocessing = 0;
		};
/* End PBXSourcesBuildPhase section */

/* Begin PBXVariantGroup section */
		2325287C25A6A4CC00816037 /* Main.storyboard */ = {
			isa = PBXVariantGroup;
			children = (
				2325287D25A6A4CC00816037 /* Base */,
			);
			name = Main.storyboard;
			sourceTree = "<group>";
		};
		232681D225A7BDFE002E2A1C /* Main.storyboard */ = {
			isa = PBXVariantGroup;
			children = (
				232681D325A7BDFE002E2A1C /* Base */,
			);
			name = Main.storyboard;
			sourceTree = "<group>";
		};
/* End PBXVariantGroup section */

/* Begin XCBuildConfiguration section */
		2325288125A6A4CC00816037 /* Debug */ = {
			isa = XCBuildConfiguration;
			buildSettings = {
				ALWAYS_SEARCH_USER_PATHS = NO;
				CLANG_ANALYZER_NONNULL = YES;
				CLANG_ANALYZER_NUMBER_OBJECT_CONVERSION = YES_AGGRESSIVE;
				CLANG_CXX_LANGUAGE_STANDARD = "gnu++14";
				CLANG_CXX_LIBRARY = "libc++";
				CLANG_ENABLE_MODULES = YES;
				CLANG_ENABLE_OBJC_ARC = YES;
				CLANG_ENABLE_OBJC_WEAK = YES;
				CLANG_WARN_BLOCK_CAPTURE_AUTORELEASING = YES;
				CLANG_WARN_BOOL_CONVERSION = YES;
				CLANG_WARN_COMMA = YES;
				CLANG_WARN_CONSTANT_CONVERSION = YES;
				CLANG_WARN_DEPRECATED_OBJC_IMPLEMENTATIONS = YES;
				CLANG_WARN_DIRECT_OBJC_ISA_USAGE = YES_ERROR;
				CLANG_WARN_DOCUMENTATION_COMMENTS = YES;
				CLANG_WARN_EMPTY_BODY = YES;
				CLANG_WARN_ENUM_CONVERSION = YES;
				CLANG_WARN_INFINITE_RECURSION = YES;
				CLANG_WARN_INT_CONVERSION = YES;
				CLANG_WARN_NON_LITERAL_NULL_CONVERSION = YES;
				CLANG_WARN_OBJC_IMPLICIT_RETAIN_SELF = YES;
				CLANG_WARN_OBJC_LITERAL_CONVERSION = YES;
				CLANG_WARN_OBJC_ROOT_CLASS = YES_ERROR;
				CLANG_WARN_QUOTED_INCLUDE_IN_FRAMEWORK_HEADER = YES;
				CLANG_WARN_RANGE_LOOP_ANALYSIS = YES;
				CLANG_WARN_STRICT_PROTOTYPES = YES;
				CLANG_WARN_SUSPICIOUS_MOVE = YES;
				CLANG_WARN_UNGUARDED_AVAILABILITY = YES_AGGRESSIVE;
				CLANG_WARN_UNREACHABLE_CODE = YES;
				CLANG_WARN__DUPLICATE_METHOD_MATCH = YES;
				COPY_PHASE_STRIP = NO;
				DEBUG_INFORMATION_FORMAT = dwarf;
				ENABLE_STRICT_OBJC_MSGSEND = YES;
				ENABLE_TESTABILITY = YES;
				GCC_C_LANGUAGE_STANDARD = gnu11;
				GCC_DYNAMIC_NO_PIC = NO;
				GCC_NO_COMMON_BLOCKS = YES;
				GCC_OPTIMIZATION_LEVEL = 0;
				GCC_PREPROCESSOR_DEFINITIONS = (
					"DEBUG=1",
					"$(inherited)",
				);
				GCC_WARN_64_TO_32_BIT_CONVERSION = YES;
				GCC_WARN_ABOUT_RETURN_TYPE = YES_ERROR;
				GCC_WARN_UNDECLARED_SELECTOR = YES;
				GCC_WARN_UNINITIALIZED_AUTOS = YES_AGGRESSIVE;
				GCC_WARN_UNUSED_FUNCTION = YES;
				GCC_WARN_UNUSED_VARIABLE = YES;
				MACOSX_DEPLOYMENT_TARGET = 10.11;
				MTL_ENABLE_DEBUG_INFO = INCLUDE_SOURCE;
				MTL_FAST_MATH = YES;
				ONLY_ACTIVE_ARCH = YES;
				SDKROOT = macosx;
				SWIFT_ACTIVE_COMPILATION_CONDITIONS = DEBUG;
				SWIFT_OPTIMIZATION_LEVEL = "-Onone";
			};
			name = Debug;
		};
		2325288225A6A4CC00816037 /* Release */ = {
			isa = XCBuildConfiguration;
			buildSettings = {
				ALWAYS_SEARCH_USER_PATHS = NO;
				CLANG_ANALYZER_NONNULL = YES;
				CLANG_ANALYZER_NUMBER_OBJECT_CONVERSION = YES_AGGRESSIVE;
				CLANG_CXX_LANGUAGE_STANDARD = "gnu++14";
				CLANG_CXX_LIBRARY = "libc++";
				CLANG_ENABLE_MODULES = YES;
				CLANG_ENABLE_OBJC_ARC = YES;
				CLANG_ENABLE_OBJC_WEAK = YES;
				CLANG_WARN_BLOCK_CAPTURE_AUTORELEASING = YES;
				CLANG_WARN_BOOL_CONVERSION = YES;
				CLANG_WARN_COMMA = YES;
				CLANG_WARN_CONSTANT_CONVERSION = YES;
				CLANG_WARN_DEPRECATED_OBJC_IMPLEMENTATIONS = YES;
				CLANG_WARN_DIRECT_OBJC_ISA_USAGE = YES_ERROR;
				CLANG_WARN_DOCUMENTATION_COMMENTS = YES;
				CLANG_WARN_EMPTY_BODY = YES;
				CLANG_WARN_ENUM_CONVERSION = YES;
				CLANG_WARN_INFINITE_RECURSION = YES;
				CLANG_WARN_INT_CONVERSION = YES;
				CLANG_WARN_NON_LITERAL_NULL_CONVERSION = YES;
				CLANG_WARN_OBJC_IMPLICIT_RETAIN_SELF = YES;
				CLANG_WARN_OBJC_LITERAL_CONVERSION = YES;
				CLANG_WARN_OBJC_ROOT_CLASS = YES_ERROR;
				CLANG_WARN_QUOTED_INCLUDE_IN_FRAMEWORK_HEADER = YES;
				CLANG_WARN_RANGE_LOOP_ANALYSIS = YES;
				CLANG_WARN_STRICT_PROTOTYPES = YES;
				CLANG_WARN_SUSPICIOUS_MOVE = YES;
				CLANG_WARN_UNGUARDED_AVAILABILITY = YES_AGGRESSIVE;
				CLANG_WARN_UNREACHABLE_CODE = YES;
				CLANG_WARN__DUPLICATE_METHOD_MATCH = YES;
				COPY_PHASE_STRIP = NO;
				DEBUG_INFORMATION_FORMAT = "dwarf-with-dsym";
				ENABLE_NS_ASSERTIONS = NO;
				ENABLE_STRICT_OBJC_MSGSEND = YES;
				GCC_C_LANGUAGE_STANDARD = gnu11;
				GCC_NO_COMMON_BLOCKS = YES;
				GCC_WARN_64_TO_32_BIT_CONVERSION = YES;
				GCC_WARN_ABOUT_RETURN_TYPE = YES_ERROR;
				GCC_WARN_UNDECLARED_SELECTOR = YES;
				GCC_WARN_UNINITIALIZED_AUTOS = YES_AGGRESSIVE;
				GCC_WARN_UNUSED_FUNCTION = YES;
				GCC_WARN_UNUSED_VARIABLE = YES;
				MACOSX_DEPLOYMENT_TARGET = 10.11;
				MTL_ENABLE_DEBUG_INFO = NO;
				MTL_FAST_MATH = YES;
				SDKROOT = macosx;
				SWIFT_COMPILATION_MODE = wholemodule;
				SWIFT_OPTIMIZATION_LEVEL = "-O";
			};
			name = Release;
		};
		2325288425A6A4CC00816037 /* Debug */ = {
			isa = XCBuildConfiguration;
			buildSettings = {
				ASSETCATALOG_COMPILER_APPICON_NAME = AppIcon;
				ASSETCATALOG_COMPILER_GLOBAL_ACCENT_COLOR_NAME = AccentColor;
				CODE_SIGN_ENTITLEMENTS = "DSFActionBar Demo/DSFActionBar_Demo.entitlements";
				CODE_SIGN_STYLE = Automatic;
				COMBINE_HIDPI_IMAGES = YES;
				DEVELOPMENT_TEAM = 3L6RK3LGGW;
				ENABLE_HARDENED_RUNTIME = YES;
				INFOPLIST_FILE = "DSFActionBar Demo/Info.plist";
				LD_RUNPATH_SEARCH_PATHS = (
					"$(inherited)",
					"@executable_path/../Frameworks",
				);
				MACOSX_DEPLOYMENT_TARGET = 10.11;
				PRODUCT_BUNDLE_IDENTIFIER = "com.darrenford.DSFActionBar-Demo";
				PRODUCT_NAME = "$(TARGET_NAME)";
				SWIFT_VERSION = 5.0;
			};
			name = Debug;
		};
		2325288525A6A4CC00816037 /* Release */ = {
			isa = XCBuildConfiguration;
			buildSettings = {
				ASSETCATALOG_COMPILER_APPICON_NAME = AppIcon;
				ASSETCATALOG_COMPILER_GLOBAL_ACCENT_COLOR_NAME = AccentColor;
				CODE_SIGN_ENTITLEMENTS = "DSFActionBar Demo/DSFActionBar_Demo.entitlements";
				CODE_SIGN_STYLE = Automatic;
				COMBINE_HIDPI_IMAGES = YES;
				DEVELOPMENT_TEAM = 3L6RK3LGGW;
				ENABLE_HARDENED_RUNTIME = YES;
				INFOPLIST_FILE = "DSFActionBar Demo/Info.plist";
				LD_RUNPATH_SEARCH_PATHS = (
					"$(inherited)",
					"@executable_path/../Frameworks",
				);
				MACOSX_DEPLOYMENT_TARGET = 10.11;
				PRODUCT_BUNDLE_IDENTIFIER = "com.darrenford.DSFActionBar-Demo";
				PRODUCT_NAME = "$(TARGET_NAME)";
				SWIFT_VERSION = 5.0;
			};
			name = Release;
		};
		232681D725A7BDFE002E2A1C /* Debug */ = {
			isa = XCBuildConfiguration;
			buildSettings = {
				ASSETCATALOG_COMPILER_APPICON_NAME = AppIcon;
				ASSETCATALOG_COMPILER_GLOBAL_ACCENT_COLOR_NAME = AccentColor;
				CODE_SIGN_ENTITLEMENTS = "Simple Demo/Simple_Demo.entitlements";
				CODE_SIGN_STYLE = Automatic;
				COMBINE_HIDPI_IMAGES = YES;
				DEVELOPMENT_TEAM = 3L6RK3LGGW;
				ENABLE_HARDENED_RUNTIME = YES;
				INFOPLIST_FILE = "Simple Demo/Info.plist";
				LD_RUNPATH_SEARCH_PATHS = (
					"$(inherited)",
					"@executable_path/../Frameworks",
				);
				MACOSX_DEPLOYMENT_TARGET = 10.11;
				PRODUCT_BUNDLE_IDENTIFIER = "com.darrenford.Simple-Demo";
				PRODUCT_NAME = "$(TARGET_NAME)";
				SWIFT_VERSION = 5.0;
			};
			name = Debug;
		};
		232681D825A7BDFE002E2A1C /* Release */ = {
			isa = XCBuildConfiguration;
			buildSettings = {
				ASSETCATALOG_COMPILER_APPICON_NAME = AppIcon;
				ASSETCATALOG_COMPILER_GLOBAL_ACCENT_COLOR_NAME = AccentColor;
				CODE_SIGN_ENTITLEMENTS = "Simple Demo/Simple_Demo.entitlements";
				CODE_SIGN_STYLE = Automatic;
				COMBINE_HIDPI_IMAGES = YES;
				DEVELOPMENT_TEAM = 3L6RK3LGGW;
				ENABLE_HARDENED_RUNTIME = YES;
				INFOPLIST_FILE = "Simple Demo/Info.plist";
				LD_RUNPATH_SEARCH_PATHS = (
					"$(inherited)",
					"@executable_path/../Frameworks",
				);
				MACOSX_DEPLOYMENT_TARGET = 10.11;
				PRODUCT_BUNDLE_IDENTIFIER = "com.darrenford.Simple-Demo";
				PRODUCT_NAME = "$(TARGET_NAME)";
				SWIFT_VERSION = 5.0;
			};
			name = Release;
		};
/* End XCBuildConfiguration section */

/* Begin XCConfigurationList section */
		2325286E25A6A4CB00816037 /* Build configuration list for PBXProject "DSFActionBar Demo" */ = {
			isa = XCConfigurationList;
			buildConfigurations = (
				2325288125A6A4CC00816037 /* Debug */,
				2325288225A6A4CC00816037 /* Release */,
			);
			defaultConfigurationIsVisible = 0;
			defaultConfigurationName = Release;
		};
		2325288325A6A4CC00816037 /* Build configuration list for PBXNativeTarget "DSFActionBar Demo" */ = {
			isa = XCConfigurationList;
			buildConfigurations = (
				2325288425A6A4CC00816037 /* Debug */,
				2325288525A6A4CC00816037 /* Release */,
			);
			defaultConfigurationIsVisible = 0;
			defaultConfigurationName = Release;
		};
		232681D925A7BDFE002E2A1C /* Build configuration list for PBXNativeTarget "Simple Demo" */ = {
			isa = XCConfigurationList;
			buildConfigurations = (
				232681D725A7BDFE002E2A1C /* Debug */,
				232681D825A7BDFE002E2A1C /* Release */,
			);
			defaultConfigurationIsVisible = 0;
			defaultConfigurationName = Release;
		};
/* End XCConfigurationList section */

/* Begin XCSwiftPackageProductDependency section */
		2325288A25A6A4E900816037 /* DSFActionBar */ = {
			isa = XCSwiftPackageProductDependency;
			productName = DSFActionBar;
		};
		232681DC25A7BE20002E2A1C /* DSFActionBar */ = {
			isa = XCSwiftPackageProductDependency;
			productName = DSFActionBar;
		};
/* End XCSwiftPackageProductDependency section */
	};
	rootObject = 2325286B25A6A4CB00816037 /* Project object */;
}
